<Solution>
  <Folder Name="/Docs/">
    <File Path="README.md" />
  </Folder>
  <Project Path="Attendance.Data/Attendance.Data.csproj" Id="f510c6c2-e699-4624-bccf-86d5880c181f" />
  <Project Path="Attendance.Services/Attendance.Services.csproj" Id="b5da553c-3840-4638-ac0d-48d20d81309f" />
  <Project Path="Attendance.ViewModels/Attendance.ViewModels.csproj" Id="ebda6a13-9ce1-4659-a304-cac76680a639" />
  <Project Path="AttendanceApp/AttendanceApp (Obsolete).csproj" />
  <Project Path="AttendanceBlazor/AttendanceBlazor.csproj" Id="3c28c0de-edca-4f94-88a0-dcd632a7ba43" />
  <Project Path="ReportFileUploader/ReportFileUploader.csproj" Id="79627925-0851-43bf-83b1-1d4275d01700" />
</Solution>
